
Microsoft Visual Studio Solution File, Format Version 12.00
# Visual Studio Version 16
VisualStudioVersion = 16.0.32630.194
MinimumVisualStudioVersion = 10.0.40219.1
Project("{FAE04EC0-301F-11D3-BF4B-00C04F79EFBC}") = "E", "E\E.csproj", "{EC72E642-BF4F-48C0-A7F0-A1CD125FB54B}"
EndProject
Global
	GlobalSection(SolutionConfigurationPlatforms) = preSolution
		Debug|Any CPU = Debug|Any CPU
		Release|Any CPU = Release|Any CPU
	EndGlobalSection
	GlobalSection(ProjectConfigurationPlatforms) = postSolution
		{EC72E642-BF4F-48C0-A7F0-A1CD125FB54B}.Debug|Any CPU.ActiveCfg = Debug|Any CPU
		{EC72E642-BF4F-48C0-A7F0-A1CD125FB54B}.Debug|Any CPU.Build.0 = Debug|Any CPU
		{EC72E642-BF4F-48C0-A7F0-A1CD125FB54B}.Release|Any CPU.ActiveCfg = Release|Any CPU
		{EC72E642-BF4F-48C0-A7F0-A1CD125FB54B}.Release|Any CPU.Build.0 = Release|Any CPU
	EndGlobalSection
	GlobalSection(SolutionProperties) = preSolution
		HideSolutionNode = FALSE
	EndGlobalSection
	GlobalSection(ExtensibilityGlobals) = postSolution
		SolutionGuid = {9D1A0BF5-7E50-40D5-AB04-8E5E3A30517A}
	EndGlobalSection
EndGlobal
